GEM
  remote: https://rubygems.org/
  specs:
    abbrev (0.1.2)
    actioncable (7.2.3.2)
      actionpack (= 7.2.3.2)
      activesupport (= 7.2.3.2)
      nio4r (~> 2.0)
      websocket-driver (>= 0.6.1)
      zeitwerk (~> 2.6)
    actionmailbox (7.2.3.2)
      actionpack (= 7.2.3.2)
      activejob (= 7.2.3.2)
      activerecord (= 7.2.3.2)
      activestorage (= 7.2.3.2)
      activesupport (= 7.2.3.2)
      mail (>= 2.8.0)
    actionmailer (7.2.3.2)
      actionpack (= 7.2.3.2)
      actionview (= 7.2.3.2)
      activejob (= 7.2.3.2)
      activesupport (= 7.2.3.2)
      mail (>= 2.8.0)
      rails-dom-testing (~> 2.2)
    actionpack (7.2.3.2)
      actionview (= 7.2.3.2)
      activesupport (= 7.2.3.2)
      cgi
      nokogiri (>= 1.8.5)
      racc
      rack (>= 2.2.4, < 3.3)
      rack-session (>= 1.0.1)
      rack-test (>= 0.6.3)
      rails-dom-testing (~> 2.2)
      rails-html-sanitizer (~> 1.6)
      useragent (~> 0.16)
    actiontext (7.2.3.2)
      actionpack (= 7.2.3.2)
      activerecord (= 7.2.3.2)
      activestorage (= 7.2.3.2)
      activesupport (= 7.2.3.2)
      globalid (>= 0.6.0)
      nokogiri (>= 1.8.5)
    actionview (7.2.3.2)
      activesupport (= 7.2.3.2)
      builder (~> 3.1)
      cgi
      erubi (~> 1.11)
      rails-dom-testing (~> 2.2)
      rails-html-sanitizer (~> 1.6)
    activejob (7.2.3.2)
      activesupport (= 7.2.3.2)
      globalid (>= 0.3.6)
    activemodel (7.2.3.2)
      activesupport (= 7.2.3.2)
    activerecord (7.2.3.2)
      activemodel (= 7.2.3.2)
      activesupport (= 7.2.3.2)
      timeout (>= 0.4.0)
    activestorage (7.2.3.2)
      actionpack (= 7.2.3.2)
      activejob (= 7.2.3.2)
      activerecord (= 7.2.3.2)
      activesupport (= 7.2.3.2)
      marcel (~> 1.0)
    activesupport (7.2.3.2)
      base64
      benchmark (>= 0.3)
      bigdecimal
      concurrent-ruby (~> 1.0, >= 1.3.1)
      connection_pool (>= 2.2.5)
      drb
      i18n (>= 1.6, < 2)
      logger (>= 1.4.2)
      minitest (>= 5.1, < 6)
      securerandom (>= 0.3)
      tzinfo (~> 2.0, >= 2.0.5)
    addressable (2.9.0)
      public_suffix (>= 2.0.2, < 8.0)
    aes_key_wrap (1.1.0)
    annotate (3.2.0)
      activerecord (>= 3.2, < 8.0)
      rake (>= 10.4, < 14.0)
    ast (2.4.2)
    attr_required (1.0.2)
    authie (5.0.0)
      activerecord (>= 6.1, < 9.0)
    autoprefixer-rails (10.4.13.0)
      execjs (~> 2)
    base64 (0.3.0)
    bcrypt (3.1.22)
    benchmark (0.5.0)
    bigdecimal (4.1.2)
    bindata (2.5.0)
    builder (3.3.0)
    cgi (0.5.2)
    chronic (0.10.2)
    coffee-rails (5.0.0)
      coffee-script (>= 2.2.0)
      railties (>= 5.2.0)
    coffee-script (2.4.1)
      coffee-script-source
      execjs
    coffee-script-source (1.12.2)
    concurrent-ruby (1.3.8)
    connection_pool (3.0.2)
    crack (1.0.0)
      bigdecimal
      rexml
    crass (1.0.7)
    database_cleaner-active_record (2.2.2)
      activerecord (>= 5.a)
      database_cleaner-core (~> 2.0)
    database_cleaner-core (2.0.1)
    date (3.5.1)
    diff-lcs (1.6.2)
    domain_name (0.6.20240107)
    dotenv (3.0.2)
    drb (2.2.3)
    dynamic_form (1.2.0)
    email_validator (2.2.4)
      activemodel
    erb (6.0.7)
    erubi (1.13.1)
    execjs (2.7.0)
    factory_bot (6.4.6)
      activesupport (>= 5.0.0)
    factory_bot_rails (6.4.3)
      factory_bot (~> 6.4)
      railties (>= 5.0.0)
    faraday (2.14.3)
      faraday-net_http (>= 2.0, < 3.5)
      json
      logger
    faraday-follow_redirects (0.3.0)
      faraday (>= 1, < 3)
    faraday-net_http (3.4.4)
      net-http (~> 0.5)
    ffi (1.15.5)
    gelf (3.1.0)
      json
    globalid (1.4.0)
      activesupport (>= 6.1)
    haml (6.3.0)
      temple (>= 0.8.2)
      thor
      tilt
    hashdiff (1.1.0)
    hashie (5.0.0)
    highline (2.1.0)
    i18n (1.15.2)
      concurrent-ruby (~> 1.0)
    io-console (0.9.2)
    irb (1.18.0)
      pp (>= 0.6.0)
      prism (>= 1.3.0)
      rdoc (>= 4.0.0)
      reline (>= 0.4.2)
    jquery-rails (4.5.1)
      rails-dom-testing (>= 1, < 3)
      railties (>= 4.2.0)
      thor (>= 0.14, < 2.0)
    json (2.7.1)
    json-jwt (1.16.6)
      activesupport (>= 4.2)
      aes_key_wrap
      base64
      bindata
      faraday (~> 2.0)
      faraday-follow_redirects
    jwt (2.10.3)
      base64
    kaminari (1.2.2)
      activesupport (>= 4.1.0)
      kaminari-actionview (= 1.2.2)
      kaminari-activerecord (= 1.2.2)
      kaminari-core (= 1.2.2)
    kaminari-actionview (1.2.2)
      actionview
      kaminari-core (= 1.2.2)
    kaminari-activerecord (1.2.2)
      activerecord
      kaminari-core (= 1.2.2)
    kaminari-core (1.2.2)
    klogger-logger (1.4.0)
      concurrent-ruby (>= 1.0, < 2.0)
      json
      rouge (>= 3.30, < 5.0)
    konfig-config (3.0.0)
      hashie
    logger (1.7.0)
    loofah (2.25.2)
      crass (~> 1.0.2)
      nokogiri (>= 1.12.0)
    mail (2.9.1)
      logger
      mini_mime (>= 0.1.1)
      net-imap
      net-pop
      net-smtp
    marcel (1.2.1)
    mini_mime (1.1.5)
    minitest (5.27.0)
    mutex_m (0.3.0)
    mysql2 (0.5.6)
    net-http (0.9.1)
      uri (>= 0.11.1)
    net-imap (0.6.6)
      date
      net-protocol
    net-pop (0.1.2)
      net-protocol
    net-protocol (0.3.0)
      timeout
    net-smtp (0.5.1)
      net-protocol
    nifty-utils (1.1.7)
    nilify_blanks (1.4.0)
      activerecord (>= 4.0.0)
      activesupport (>= 4.0.0)
    nio4r (2.7.5)
    nokogiri (1.19.4-aarch64-linux-gnu)
      racc (~> 1.4)
    nokogiri (1.19.4-arm64-darwin)
      racc (~> 1.4)
    nokogiri (1.19.4-x86_64-darwin)
      racc (~> 1.4)
    nokogiri (1.19.4-x86_64-linux-gnu)
      racc (~> 1.4)
    omniauth (2.1.2)
      hashie (>= 3.4.6)
      rack (>= 2.2.3)
      rack-protection
    omniauth-rails_csrf_protection (1.0.1)
      actionpack (>= 4.2)
      omniauth (~> 2.0)
    omniauth_openid_connect (0.7.1)
      omniauth (>= 1.9, < 3)
      openid_connect (~> 2.2)
    openid_connect (2.3.0)
      activemodel
      attr_required (>= 1.0.0)
      email_validator
      faraday (~> 2.0)
      faraday-follow_redirects
      json-jwt (>= 1.16)
      mail
      rack-oauth2 (~> 2.2)
      swd (~> 2.0)
      tzinfo
      validate_url
      webfinger (~> 2.0)
    ostruct (0.6.3)
    parallel (1.22.1)
    parser (3.2.1.1)
      ast (~> 2.4.1)
    pp (0.6.4)
      prettyprint
    prettyprint (0.2.0)
    prism (1.9.0)
    prometheus-client (4.2.2)
    public_suffix (7.0.5)
    puma (7.2.1)
      nio4r (~> 2.0)
    racc (1.8.1)
    rack (3.2.7)
    rack-oauth2 (2.2.1)
      activesupport
      attr_required
      faraday (~> 2.0)
      faraday-follow_redirects
      json-jwt (>= 1.11.0)
      rack (>= 2.1.0)
    rack-protection (4.1.1)
      base64 (>= 0.1.0)
      logger (>= 1.6.0)
      rack (>= 3.0.0, < 4)
    rack-session (2.1.2)
      base64 (>= 0.1.0)
      rack (>= 3.0.0)
    rack-test (2.2.0)
      rack (>= 1.3)
    rackup (2.3.1)
      rack (>= 3)
    rails (7.2.3.2)
      actioncable (= 7.2.3.2)
      actionmailbox (= 7.2.3.2)
      actionmailer (= 7.2.3.2)
      actionpack (= 7.2.3.2)
      actiontext (= 7.2.3.2)
      actionview (= 7.2.3.2)
      activejob (= 7.2.3.2)
      activemodel (= 7.2.3.2)
      activerecord (= 7.2.3.2)
      activestorage (= 7.2.3.2)
      activesupport (= 7.2.3.2)
      bundler (>= 1.15.0)
      railties (= 7.2.3.2)
    rails-dom-testing (2.3.0)
      activesupport (>= 5.0.0)
      minitest
      nokogiri (>= 1.6)
    rails-html-sanitizer (1.7.1)
      loofah (~> 2.25, >= 2.25.2)
      nokogiri (>= 1.15.7, != 1.16.7, != 1.16.6, != 1.16.5, != 1.16.4, != 1.16.3, != 1.16.2, != 1.16.1, != 1.16.0.rc1, != 1.16.0)
    railties (7.2.3.2)
      actionpack (= 7.2.3.2)
      activesupport (= 7.2.3.2)
      cgi
      irb (~> 1.13)
      rackup (>= 1.0.0)
      rake (>= 12.2)
      thor (~> 1.0, >= 1.2.2)
      tsort (>= 0.2)
      zeitwerk (~> 2.6)
    rainbow (3.1.1)
    rake (13.4.2)
    rbs (4.2.0)
      logger
      prism (>= 1.6.0)
      tsort
    rdoc (8.0.0)
      erb
      prism (>= 1.6.0)
      rbs (>= 4.0.0)
      tsort
    regexp_parser (2.7.0)
    reline (0.7.0)
      io-console (~> 0.5)
    resolv (0.7.2)
    rexml (3.4.4)
    rouge (4.2.0)
    rspec (3.13.1)
      rspec-core (~> 3.13.0)
      rspec-expectations (~> 3.13.0)
      rspec-mocks (~> 3.13.0)
    rspec-core (3.13.5)
      rspec-support (~> 3.13.0)
    rspec-expectations (3.13.5)
      diff-lcs (>= 1.2.0, < 2.0)
      rspec-support (~> 3.13.0)
    rspec-mocks (3.13.5)
      diff-lcs (>= 1.2.0, < 2.0)
      rspec-support (~> 3.13.0)
    rspec-rails (6.1.1)
      actionpack (>= 6.1)
      activesupport (>= 6.1)
      railties (>= 6.1)
      rspec-core (~> 3.12)
      rspec-expectations (~> 3.12)
      rspec-mocks (~> 3.12)
      rspec-support (~> 3.12)
    rspec-support (3.13.6)
    rubocop (1.48.1)
      json (~> 2.3)
      parallel (~> 1.10)
      parser (>= 3.2.0.0)
      rainbow (>= 2.2.2, < 4.0)
      regexp_parser (>= 1.8, < 3.0)
      rexml (>= 3.2.5, < 4.0)
      rubocop-ast (>= 1.26.0, < 2.0)
      ruby-progressbar (~> 1.7)
      unicode-display_width (>= 2.4.0, < 3.0)
    rubocop-ast (1.27.0)
      parser (>= 3.2.1.0)
    rubocop-rails (2.18.0)
      activesupport (>= 4.2.0)
      rack (>= 1.1)
      rubocop (>= 1.33.0, < 2.0)
    ruby-progressbar (1.13.0)
    sass-rails (6.0.0)
      sassc-rails (~> 2.1, >= 2.1.1)
    sassc (2.4.0)
      ffi (~> 1.9)
    sassc-rails (2.1.2)
      railties (>= 4.0.0)
      sassc (>= 2.0)
      sprockets (> 3.0)
      sprockets-rails
      tilt
    secure_headers (6.5.0)
    securerandom (0.4.1)
    sentry-rails (5.16.1)
      railties (>= 5.0)
      sentry-ruby (~> 5.16.1)
    sentry-ruby (5.16.1)
      concurrent-ruby (~> 1.0, >= 1.0.2)
    shoulda-matchers (6.1.0)
      activesupport (>= 5.2.0)
    sprockets (4.2.0)
      concurrent-ruby (~> 1.0)
      rack (>= 2.2.4, < 4)
    sprockets-rails (3.4.2)
      actionpack (>= 5.2)
      activesupport (>= 5.2)
      sprockets (>= 3.0.0)
    swd (2.0.3)
      activesupport (>= 3)
      attr_required (>= 0.0.5)
      faraday (~> 2.0)
      faraday-follow_redirects
    temple (0.10.3)
    thor (1.5.0)
    tilt (2.3.0)
    timecop (0.9.8)
    timeout (0.6.1)
    tsort (0.2.0)
    turbolinks (5.2.1)
      turbolinks-source (~> 5.2)
    turbolinks-source (5.2.0)
    tzinfo (2.0.6)
      concurrent-ruby (~> 1.0)
    uglifier (4.2.0)
      execjs (>= 0.3.0, < 3)
    unicode-display_width (2.4.2)
    uri (1.1.1)
    useragent (0.16.11)
    validate_url (1.0.15)
      activemodel (>= 3.0.0)
      public_suffix
    webfinger (2.1.3)
      activesupport
      faraday (~> 2.0)
      faraday-follow_redirects
    webmock (3.20.0)
      addressable (>= 2.8.0)
      crack (>= 0.3.2)
      hashdiff (>= 0.4.0, < 2.0.0)
    webrick (1.9.1)
    websocket-driver (0.8.2)
      base64
      websocket-extensions (>= 0.1.0)
    websocket-extensions (0.1.5)
    zeitwerk (2.8.3)
    zlib (3.2.3)

PLATFORMS
  aarch64-linux
  arm64-darwin
  x86_64-darwin
  x86_64-linux

DEPENDENCIES
  abbrev
  annotate
  authie
  autoprefixer-rails
  bcrypt
  chronic
  coffee-rails (~> 5.0)
  database_cleaner-active_record
  domain_name
  dotenv
  dynamic_form
  execjs (~> 2.7, < 2.8)
  factory_bot_rails
  gelf
  haml
  hashie
  highline
  jquery-rails
  jwt (= 2.10.3)
  kaminari
  klogger-logger
  konfig-config (~> 3.0)
  logger
  mail
  mutex_m
  mysql2
  nifty-utils
  nilify_blanks
  nio4r
  omniauth-rails_csrf_protection
  omniauth_openid_connect
  ostruct
  prometheus-client
  puma (= 7.2.1)
  rackup
  rails (= 7.2.3.2)
  resolv (= 0.7.2)
  rspec
  rspec-rails
  rubocop
  rubocop-rails
  sass-rails
  secure_headers
  sentry-rails
  shoulda-matchers
  timecop
  turbolinks (~> 5)
  uglifier (>= 1.3.0)
  webmock
  webrick
  zlib (= 3.2.3)

CHECKSUMS
  abbrev (0.1.2) sha256=ad1b4eaaaed4cb722d5684d63949e4bde1d34f2a95e20db93aecfe7cbac74242
  actioncable (7.2.3.2) sha256=04ffd91519942bae45f443bfc166308e6eb17870870cdfc1ca36bc95273c6b57
  actionmailbox (7.2.3.2) sha256=d19f6e98c5b630c391e14ce1a830f199f249bf3fd6208392f92d232a7a6d8ca5
  actionmailer (7.2.3.2) sha256=45a6c326872867cdb28d2960d236c3c8fa4ff1198e9bc7ece4ddc3810b67b759
  actionpack (7.2.3.2) sha256=c1fbb1c4df0f2473ee064ab1412fc2a44c2c2ef337924c5ba3c7998c8529652b
  actiontext (7.2.3.2) sha256=19ab7e2a07ab976a5456a9aa98b93e1b899a7729b931ca1e9e01a3e8bd33f0b0
  actionview (7.2.3.2) sha256=42bfd966040c93271dfa9f3243d73c40aa0228108696f956e1f287f3b02edc01
  activejob (7.2.3.2) sha256=b83fa070898911823f0c4cb8c0d1d25dabb5d00f18379d5b4fe01b84e173a93a
  activemodel (7.2.3.2) sha256=3777c67cd8dd1560f30387523013dacb370a0a1cf532037410887819e4416927
  activerecord (7.2.3.2) sha256=e62d24ba7e5f820d24ed122eb9225491b0aaa8398778783b400067c3467285c7
  activestorage (7.2.3.2) sha256=863cb4b21b83505555be2addb939fefb856ab05f6c6d24bab00d6f1a7e4edbfc
  activesupport (7.2.3.2) sha256=ddc90d11dd88086d78ace03407fe3c2a3f5c8853c3c3046313db5ed823ef3312
  addressable (2.9.0) sha256=7fdf6ac3660f7f4e867a0838be3f6cf722ace541dd97767fa42bc6cfa980c7af
  aes_key_wrap (1.1.0) sha256=b935f4756b37375895db45669e79dfcdc0f7901e12d4e08974d5540c8e0776a5
  annotate (3.2.0) sha256=9a61baa1fb13880aa3a8d9f62553889bb2a3b7970f88bbc66d3ac75a567780d3
  ast (2.4.2) sha256=1e280232e6a33754cde542bc5ef85520b74db2aac73ec14acef453784447cc12
  attr_required (1.0.2) sha256=f0ebfc56b35e874f4d0ae799066dbc1f81efefe2364ca3803dc9ea6a4de6cb99
  authie (5.0.0) sha256=1616ef413a034ece1a1346849822fb14cafdfd77330ce441d3bb496641f66c8f
  autoprefixer-rails (10.4.13.0) sha256=669cdfe60c624b0fc95e208a96740af73eb6beb41ab8a3ddf5c1b8409a275d41
  base64 (0.3.0) sha256=27337aeabad6ffae05c265c450490628ef3ebd4b67be58257393227588f5a97b
  bcrypt (3.1.22) sha256=1f0072e88c2d705d94aff7f2c5cb02eb3f1ec4b8368671e19112527489f29032
  benchmark (0.5.0) sha256=465df122341aedcb81a2a24b4d3bd19b6c67c1530713fd533f3ff034e419236c
  bigdecimal (4.1.2) sha256=53d217666027eab4280346fba98e7d5b66baaae1b9c3c1c0ffe89d48188a3fbd
  bindata (2.5.0) sha256=29dccb8ba1cc9de148f24bb88930840c62db56715f0f80eccadd624d9f3d2623
  builder (3.3.0) sha256=497918d2f9dca528fdca4b88d84e4ef4387256d984b8154e9d5d3fe5a9c8835f
  cgi (0.5.2) sha256=61ca30298171190fd4fa0d8018e57ada456eae9b7a2b78526debf7f0a0e6f8bb
  chronic (0.10.2) sha256=766f2fcce6ac3cc152249ed0f2b827770d3e517e2e87c5fba7ed74f4889d2dc3
  coffee-rails (5.0.0) sha256=5daaa1ba51fd4907c98a333b6a9e7c1a99b1fff57fcef999b6c62d813cb91a9c
  coffee-script (2.4.1) sha256=82fe281e11b93c8117b98c5ea8063e71741870f1c4fbb27177d7d6333dd38765
  coffee-script-source (1.12.2) sha256=e12b16fd8927fbbf8b87cb2e9a85a6cf457c6881cc7ff8b1af15b31f70da07a4
  concurrent-ruby (1.3.8) sha256=b2f1be836e968ccc78ccfce277ea79c72a88633f22306782c16ff23fb415d1e1
  connection_pool (3.0.2) sha256=33fff5ba71a12d2aa26cb72b1db8bba2a1a01823559fb01d29eb74c286e62e0a
  crack (1.0.0) sha256=c83aefdb428cdc7b66c7f287e488c796f055c0839e6e545fec2c7047743c4a49
  crass (1.0.7) sha256=94868719948664c89ddcaf0a37c65048413dfcb1c869470a5f7a7ceb5390b295
  database_cleaner-active_record (2.2.2) sha256=88296b9f3088c31f7c0d4fcec10f68e4b71c96698043916de59b04debec10388
  database_cleaner-core (2.0.1) sha256=8646574c32162e59ed7b5258a97a208d3c44551b854e510994f24683865d846c
  date (3.5.1) sha256=750d06384d7b9c15d562c76291407d89e368dda4d4fff957eb94962d325a0dc0
  diff-lcs (1.6.2) sha256=9ae0d2cba7d4df3075fe8cd8602a8604993efc0dfa934cff568969efb1909962
  domain_name (0.6.20240107) sha256=5f693b2215708476517479bf2b3802e49068ad82167bcd2286f899536a17d933
  dotenv (3.0.2) sha256=6f1546e8e1c30f1dc7e0aa10dbeac2b819cbb728958e95daccafda2c925d45d7
  drb (2.2.3) sha256=0b00d6fdb50995fe4a45dea13663493c841112e4068656854646f418fda13373
  dynamic_form (1.2.0) sha256=7c18ca50070776767789b2f9a578ff10e9f76fdb2d942ddb74f284ec2a9d2166
  email_validator (2.2.4) sha256=5ab238095bec7aef9389f230e9e0c64c5081cdf91f19d6c5cecee0a93af20604
  erb (6.0.7) sha256=c5ca6dc25b0ef974a44dc8f59fe847577122483b1968a38dec305c60bf91ee92
  erubi (1.13.1) sha256=a082103b0885dbc5ecf1172fede897f9ebdb745a4b97a5e8dc63953db1ee4ad9
  execjs (2.7.0) sha256=e1fae0c5c831934c47d92363b4ea66ef2951350ab91b5d8d3174342b9c2ee5fb
  factory_bot (6.4.6) sha256=1a9486ce98d318d740d8f5804b885a8265a28f326ecf2bcd4ce9fb27a71a6e04
  factory_bot_rails (6.4.3) sha256=ea73ceac1c0ff3dc11fff390bf2ea8a2604066525ed8ecd3b3bc2c267226dcc8
  faraday (2.14.3) sha256=1882247e6766615c8220b4392bf1d27f6ebb63d8e28267587cef1fb0bf37f278
  faraday-follow_redirects (0.3.0) sha256=d92d975635e2c7fe525dd494fcd4b9bb7f0a4a0ec0d5f4c15c729530fdb807f9
  faraday-net_http (3.4.4) sha256=0e78af151747ed1b00f33e25973b4bc220d7f16c00c39676817c8b12331eb588
  ffi (1.15.5) sha256=6f2ed2fa68047962d6072b964420cba91d82ce6fa8ee251950c17fca6af3c2a0
  gelf (3.1.0) sha256=9467af8c8e9511f2d0b59c3c5198bda914c1d0edcc2c46e1f1f6babd146ae452
  globalid (1.4.0) sha256=037f12fbf1d9d7a014d501c2d5c77356fd4ddd96d7a7991d6700bba96706f427
  haml (6.3.0) sha256=8e6eb87d869639e348852009e74a2a1663d79663ed7e7dbcb38beb1f12bcdd97
  hashdiff (1.1.0) sha256=b5465f0e7375f1ee883f53a766ece4dbc764b7674a7c5ffd76e79b2f5f6fc9c9
  hashie (5.0.0) sha256=9d6c4e51f2a36d4616cbc8a322d619a162d8f42815a792596039fc95595603da
  highline (2.1.0) sha256=d63d7f472f8ffaa143725161ae6fb06895b5cb7527e0b4dac5ad1e4902c80cb9
  i18n (1.15.2) sha256=00f9eb62412fe593b2a65a97daa75300d37abb8f7202ec748e94b6d46a9dd1b5
  io-console (0.9.2) sha256=efa74f891dd03c0939a931dfc6e74c2813d904763d456ea9762b0525e748db08
  irb (1.18.0) sha256=de9454a0703a54704b9811a5ef31a60c86949fbf4013fcf244fabc7c775248e3
  jquery-rails (4.5.1) sha256=5704e486342e8158cfe7f43adb8161b315e41048a1bd33a7f408fa30abf1ae67
  json (2.7.1) sha256=187ea312fb58420ff0c40f40af1862651d4295c8675267c6a1c353f1a0ac3265
  json-jwt (1.16.6) sha256=ab451f9cd8743cecc4137f4170806046c1d8a6d4ee6e8570e0b5c958409b266c
  jwt (2.10.3) sha256=e4d9352fbc7309b1a7448c7dd713dfe4d8c47077af80759cdbed8f878ea0b484
  kaminari (1.2.2) sha256=c4076ff9adccc6109408333f87b5c4abbda5e39dc464bd4c66d06d9f73442a3e
  kaminari-actionview (1.2.2) sha256=1330f6fc8b59a4a4ef6a549ff8a224797289ebf7a3a503e8c1652535287cc909
  kaminari-activerecord (1.2.2) sha256=0dd3a67bab356a356f36b3b7236bcb81cef313095365befe8e98057dd2472430
  kaminari-core (1.2.2) sha256=3bd26fec7370645af40ca73b9426a448d09b8a8ba7afa9ba3c3e0d39cdbb83ff
  klogger-logger (1.4.0) sha256=0b205ec2cf0e4ae51e6d77fe3fd79c3e44d9592a08729cc317c43fee19e96a7d
  konfig-config (3.0.0) sha256=9b036803929f0619fc69bf7412fcc62f34c674a87def5e6418155df7da21d2f2
  logger (1.7.0) sha256=196edec7cc44b66cfb40f9755ce11b392f21f7967696af15d274dde7edff0203
  loofah (2.25.2) sha256=2007f746959ac65552456e04b433e83deb22759ab38c838b4445c70e43425918
  mail (2.9.1) sha256=06574eca475253d6c18145dd70af80d0eb970182d55053497c5f4d797ea160e8
  marcel (1.2.1) sha256=1678e9360e32f9eafa917c80029e2f6d10b2715c66a4b87b6d0da9b9cd1f859f
  mini_mime (1.1.5) sha256=8681b7e2e4215f2a159f9400b5816d85e9d8c6c6b491e96a12797e798f8bccef
  minitest (5.27.0) sha256=2d3b17f8a36fe7801c1adcffdbc38233b938eb0b4966e97a6739055a45fa77d5
  mutex_m (0.3.0) sha256=cfcb04ac16b69c4813777022fdceda24e9f798e48092a2b817eb4c0a782b0751
  mysql2 (0.5.6) sha256=70f447d45d6b3cc16b00f7dd30366f708a81b4093a35d026ff7135d778d8da33
  net-http (0.9.1) sha256=25ba0b67c63e89df626ed8fac771d0ad24ad151a858af2cc8e6a716ca4336996
  net-imap (0.6.6) sha256=96aa4ee50df3060203e649efc341f53480b791d49e150f2fdebf68beb141a8df
  net-pop (0.1.2) sha256=848b4e982013c15b2f0382792268763b748cce91c9e91e36b0f27ed26420dff3
  net-protocol (0.3.0) sha256=ba310c3d4f1cad46bb1ab20336b06669b1ff8f7c568d9cb9342b32a718547472
  net-smtp (0.5.1) sha256=ed96a0af63c524fceb4b29b0d352195c30d82dd916a42f03c62a3a70e5b70736
  nifty-utils (1.1.7) sha256=e617416bba8a2ab46d7beadc40e19b5e189f24dd578790a18f41e2aee4e49656
  nilify_blanks (1.4.0) sha256=4738c97006d79f6de7f3aa19a6209934ef8304cd3debfe500b19462c0946b6fa
  nio4r (2.7.5) sha256=6c90168e48fb5f8e768419c93abb94ba2b892a1d0602cb06eef16d8b7df1dca1
  nokogiri (1.19.4-aarch64-linux-gnu) sha256=1269fb644a6de405057a53dd5c762b1209b43ca7424f839454d3dbc677c31a8f
  nokogiri (1.19.4-arm64-darwin) sha256=a46db9853286e6597b36ebc6953817d15acf3a299583eb3f89fdc6f91dd63527
  nokogiri (1.19.4-x86_64-darwin) sha256=7fd17057d3e1f00e9954a74b3cd76595d3d4a5ef233b7ed9599047c204f70551
  nokogiri (1.19.4-x86_64-linux-gnu) sha256=379fae440b28915e3f19d752ce2dcf8465ed2b2fbefd2a7ca0dd497bc981a06a
  omniauth (2.1.2) sha256=def03277298b8f8a5d3ff16cdb2eb5edb9bffed60ee7dda24cc0c89b3ae6a0ce
  omniauth-rails_csrf_protection (1.0.1) sha256=fc546aeb7d43b7b9d7737051c380156e61c8f080b898cd4934d523eaa7e59acf
  omniauth_openid_connect (0.7.1) sha256=b14a4a137c675922ab264dd60c2597dd32a058376bac83dd34d6211854239f31
  openid_connect (2.3.0) sha256=0dbb9cefeb11e0a65e706349266355bbbb060382ae138fc9e199ab1aa622744c
  ostruct (0.6.3) sha256=95a2ed4a4bd1d190784e666b47b2d3f078e4a9efda2fccf18f84ddc6538ed912
  parallel (1.22.1) sha256=ebdf1f0c51f182df38522f70ba770214940bef998cdb6e00f36492b29699761f
  parser (3.2.1.1) sha256=2c3fe2cbc54c90b74f2de92e61bc533090bc6eb84290db03a9dd1eee902b5ba8
  pp (0.6.4) sha256=dfcb0fce700c41456265922884f9fe195d7fbb0674a3578e6c0f69588e82b570
  prettyprint (0.2.0) sha256=2bc9e15581a94742064a3cc8b0fb9d45aae3d03a1baa6ef80922627a0766f193
  prism (1.9.0) sha256=7b530c6a9f92c24300014919c9dcbc055bf4cdf51ec30aed099b06cd6674ef85
  prometheus-client (4.2.2) sha256=95e195e33a669ceef69928adae23a51bbf4953083bbe7144aa509a356e4e83ff
  public_suffix (7.0.5) sha256=1a8bb08f1bbea19228d3bed6e5ed908d1cb4f7c2726d18bd9cadf60bc676f623
  puma (7.2.1) sha256=d7bf0e9cabd532e0d401e142cd94e3ac531e993610e2d80e6fbf9c26961414b0
  racc (1.8.1) sha256=4a7f6929691dbec8b5209a0b373bc2614882b55fc5d2e447a21aaa691303d62f
  rack (3.2.7) sha256=93e13e1c24f93556671d85d2d79fa228c3485815c50d7e2f265b5330c6528fb7
  rack-oauth2 (2.2.1) sha256=c73aa87c508043e2258f02b4fb110cacba9b37d2ccf884e22487d014a120d1a5
  rack-protection (4.1.1) sha256=51a254a5d574a7f0ca4f0672025ce2a5ef7c8c3bd09c431349d683e825d7d16a
  rack-session (2.1.2) sha256=595434f8c0c3473ae7d7ac56ecda6cc6dfd9d37c0b2b5255330aa1576967ffe8
  rack-test (2.2.0) sha256=005a36692c306ac0b4a9350355ee080fd09ddef1148a5f8b2ac636c720f5c463
  rackup (2.3.1) sha256=6c79c26753778e90983761d677a48937ee3192b3ffef6bc963c0950f94688868
  rails (7.2.3.2) sha256=279290679f9005b0f79514f953a2af613f95de7baa94cbd87744c09122c1113c
  rails-dom-testing (2.3.0) sha256=8acc7953a7b911ca44588bf08737bc16719f431a1cc3091a292bca7317925c1d
  rails-html-sanitizer (1.7.1) sha256=e797a7c9b01e567307e317c576b49ab4168017e63eea4dba9ce3cb587e2f22c2
  railties (7.2.3.2) sha256=f626c6dfcc00a9f85b139619cfac4a648934c93e36fe5b9242184b9f45ffc29e
  rainbow (3.1.1) sha256=039491aa3a89f42efa1d6dec2fc4e62ede96eb6acd95e52f1ad581182b79bc6a
  rake (13.4.2) sha256=cb825b2bd5f1f8e91ca37bddb4b9aaf345551b4731da62949be002fa89283701
  rbs (4.2.0) sha256=51f7b886dcc05bc09e10b901daa6a81829f6adc03101d6ca9ea4aac6103e0674
  rdoc (8.0.0) sha256=03bf8c08a9639658855a0cfd77c0abca8325c227693f7f33f82957811348c469
  regexp_parser (2.7.0) sha256=f8b8b7f34cc53c907fad6aec2b9da996a4311a0ddd92f3bfd3b999de5420c234
  reline (0.7.0) sha256=5b012d8e55dbf9d450f12bde2cf7d15ff546ae80b3f8f3b30e570d431815583d
  resolv (0.7.2) sha256=626d044d975ab2daac759bf898416f1b51e2cb8dcd6727c2b5b5b28b97ead2e1
  rexml (3.4.4) sha256=19e0a2c3425dfbf2d4fc1189747bdb2f849b6c5e74180401b15734bc97b5d142
  rouge (4.2.0) sha256=60dd666b3a223467dc72f5b7384764dfd7ad4e50b0df9eff072be58123506eba
  rspec (3.13.1) sha256=b9f9a58fa915b8d94a1d6b3195fe6dd28c4c34836a6097015142c4a9ace72140
  rspec-core (3.13.5) sha256=ab3f682897c6131c67f9a17cfee5022a597f283aebe654d329a565f9937a4fa3
  rspec-expectations (3.13.5) sha256=33a4d3a1d95060aea4c94e9f237030a8f9eae5615e9bd85718fe3a09e4b58836
  rspec-mocks (3.13.5) sha256=e4338a6f285ada9fe56f5893f5457783af8194f5d08884d17a87321d5195ea81
  rspec-rails (6.1.1) sha256=bd949e61f89379f410ea1e43133163282f8d977c683ce6d10bf5aef6b1e995b2
  rspec-support (3.13.6) sha256=2e8de3702427eab064c9352fe74488cc12a1bfae887ad8b91cba480ec9f8afb2
  rubocop (1.48.1) sha256=18cf7216ba8febb2f8a2a5978f36c54cfdf0de4427cb190a20fd0ee38ccdbee8
  rubocop-ast (1.27.0) sha256=0a88b64598ce7a7422579a11f419e4424fb2b10537b34b1a1b107f88f95c2a9a
  rubocop-rails (2.18.0) sha256=a646566f436b18f66e0b89a23df87ec4eb5318a74c9e6044271aca126b03fd8d
  ruby-progressbar (1.13.0) sha256=80fc9c47a9b640d6834e0dc7b3c94c9df37f08cb072b7761e4a71e22cff29b33
  sass-rails (6.0.0) sha256=e0b6448ea1c7929fd5929fc7a8eb2d78045e44cc82fc0765a249d3fa1c5810d3
  sassc (2.4.0) sha256=4c60a2b0a3b36685c83b80d5789401c2f678c1652e3288315a1551d811d9f83e
  sassc-rails (2.1.2) sha256=5f4fdf3881fc9bdc8e856ffbd9850d70a2878866feae8114aa45996179952db5
  secure_headers (6.5.0) sha256=b504522f3edd2254f396fd1cad66010508c9627fa6398e030967439ec9ea6948
  securerandom (0.4.1) sha256=cc5193d414a4341b6e225f0cb4446aceca8e50d5e1888743fac16987638ea0b1
  sentry-rails (5.16.1) sha256=8f1884b53f2013df81b22ec056b82f97b2761c5c4656b9ca093e489641955e9a
  sentry-ruby (5.16.1) sha256=767ef1db68d7294cfbfd0fc9e12d7297e452c287243cca71219e2c7b5cd0583b
  shoulda-matchers (6.1.0) sha256=f11bc4bf14419196b8d1c89d4018615a26244a0758703d5f81222088886203dd
  sprockets (4.2.0) sha256=5c273487255c47523f30c0b673310fce70a09ca060a6bbcd3e5d0d489e19024c
  sprockets-rails (3.4.2) sha256=36d6327757ccf7460a00d1d52b2d5ef0019a4670503046a129fa1fb1300931ad
  swd (2.0.3) sha256=4cdbe2a4246c19f093fce22e967ec3ebdd4657d37673672e621bf0c7eb770655
  temple (0.10.3) sha256=df3145fe6577af1e25387eb7f7122d32ed51bdb6f2e7bb0f4fbf07b66151913b
  thor (1.5.0) sha256=e3a9e55fe857e44859ce104a84675ab6e8cd59c650a49106a05f55f136425e73
  tilt (2.3.0) sha256=82dd903d61213c63679d28e404ee8e10d1b0fdf5270f1ad0898ec314cc3e745c
  timecop (0.9.8) sha256=89996da54eafb25c007d309099ae18a1cb1c6a59fe42f7f1ab4148e21e98f563
  timeout (0.6.1) sha256=78f57368a7e7bbadec56971f78a3f5ecbcfb59b7fcbb0a3ed6ddc08a5094accb
  tsort (0.2.0) sha256=9650a793f6859a43b6641671278f79cfead60ac714148aabe4e3f0060480089f
  turbolinks (5.2.1) sha256=5fea5889c4e2a78a5bd9abda3860c565342b50c6e2593697d5558a08e15cce9c
  turbolinks-source (5.2.0) sha256=362a41fa851a22b0f15cf8f944b6c7c5788f645dc1f61ae25478bb25c3bc85d4
  tzinfo (2.0.6) sha256=8daf828cc77bcf7d63b0e3bdb6caa47e2272dcfaf4fbfe46f8c3a9df087a829b
  uglifier (4.2.0) sha256=ae68f286bf78a23938f8ff2b8d3cab4aa3d65228c1006476da7023e3ff3af071
  unicode-display_width (2.4.2) sha256=6a10205d1a19ca790c4e53064ba93f09d9eb234bf6bd135d9deb6001c21428be
  uri (1.1.1) sha256=379fa58d27ffb1387eaada68c749d1426738bd0f654d812fcc07e7568f5c57c6
  useragent (0.16.11) sha256=700e6413ad4bb954bb63547fa098dddf7b0ebe75b40cc6f93b8d54255b173844
  validate_url (1.0.15) sha256=72fe164c0713d63a9970bd6700bea948babbfbdcec392f2342b6704042f57451
  webfinger (2.1.3) sha256=567a52bde77fb38ca6b67e55db755f988766ec4651c1d24916a65aa70540695c
  webmock (3.20.0) sha256=cc33eaacc0fcfb5b36a127949557ab7089d4249b03a7cb0215dbc40e617a8365
  webrick (1.9.1) sha256=b42d3c94f166f3fb73d87e9b359def9b5836c426fc8beacf38f2184a21b2a989
  websocket-driver (0.8.2) sha256=97c556b019bf3410b4961002ac501621e9322d3f8a7bc02161a09301cc4c4146
  websocket-extensions (0.1.5) sha256=1c6ba63092cda343eb53fc657110c71c754c56484aad42578495227d717a8241
  zeitwerk (2.8.3) sha256=2c85125a8467ce069e20123d1e709a08955c9d29c118c25b46b7b7fafdbb92e5
  zlib (3.2.3) sha256=5bd316698b32f31a64ab910a8b6c282442ca1626a81bbd6a1674e8522e319c20

BUNDLED WITH
   2.7.2
